
Microsoft Visual Studio Solution File, Format Version 12.00
# Visual Studio 15
VisualStudioVersion = 15.0.26730.12
MinimumVisualStudioVersion = 10.0.40219.1
Project("{FAE04EC0-301F-11D3-BF4B-00C04F79EFBC}") = "softaware.reCaptcha", "softaware.reCaptcha\softaware.reCaptcha.csproj", "{43E7934A-D801-4174-A3DC-EB9027C4F2C4}"
EndProject
Global
	GlobalSection(SolutionConfigurationPlatforms) = preSolution
		Debug|Any CPU = Debug|Any CPU
		Release|Any CPU = Release|Any CPU
	EndGlobalSection
	GlobalSection(ProjectConfigurationPlatforms) = postSolution
		{43E7934A-D801-4174-A3DC-EB9027C4F2C4}.Debug|Any CPU.ActiveCfg = Debug|Any CPU
		{43E7934A-D801-4174-A3DC-EB9027C4F2C4}.Debug|Any CPU.Build.0 = Debug|Any CPU
		{43E7934A-D801-4174-A3DC-EB9027C4F2C4}.Release|Any CPU.ActiveCfg = Release|Any CPU
		{43E7934A-D801-4174-A3DC-EB9027C4F2C4}.Release|Any CPU.Build.0 = Release|Any CPU
	EndGlobalSection
	GlobalSection(SolutionProperties) = preSolution
		HideSolutionNode = FALSE
	EndGlobalSection
	GlobalSection(ExtensibilityGlobals) = postSolution
		SolutionGuid = {CBED2611-91A1-40C7-8408-B36D42CC75B9}
	EndGlobalSection
EndGlobal
